// !$*UTF8*$!
{
	archiveVersion = 1;
	classes = {
	};
	objectVersion = 48;
	objects = {

/* Begin PBXBuildFile section */
		2BD5408E202EF63200584FB4 /* AppDelegate.swift in Sources */ = {isa = PBXBuildFile; fileRef = 2BD5408D202EF63200584FB4 /* AppDelegate.swift */; };
		2BD54090202EF63200584FB4 /* TodoListViewController.swift in Sources */ = {isa = PBXBuildFile; fileRef = 2BD5408F202EF63200584FB4 /* TodoListViewController.swift */; };
		2BD54093202EF63200584FB4 /* Main.storyboard in Resources */ = {isa = PBXBuildFile; fileRef = 2BD54091202EF63200584FB4 /* Main.storyboard */; };
		2BD54095202EF63200584FB4 /* Assets.xcassets in Resources */ = {isa = PBXBuildFile; fileRef = 2BD54094202EF63200584FB4 /* Assets.xcassets */; };
		2BD54098202EF63200584FB4 /* LaunchScreen.storyboard in Resources */ = {isa = PBXBuildFile; fileRef = 2BD54096202EF63200584FB4 /* LaunchScreen.storyboard */; };
		2BD540A3202EF63300584FB4 /* demoappTodoListTests.swift in Sources */ = {isa = PBXBuildFile; fileRef = 2BD540A2202EF63300584FB4 /* demoappTodoListTests.swift */; };
		2BD540AE202EF63300584FB4 /* demoappTodoListUITests.swift in Sources */ = {isa = PBXBuildFile; fileRef = 2BD540AD202EF63300584FB4 /* demoappTodoListUITests.swift */; };
/* End PBXBuildFile section */

/* Begin PBXContainerItemProxy section */
		2BD5409F202EF63300584FB4 /* PBXContainerItemProxy */ = {
			isa = PBXContainerItemProxy;
			containerPortal = 2BD54082202EF63200584FB4 /* Project object */;
			proxyType = 1;
			remoteGlobalIDString = 2BD54089202EF63200584FB4;
			remoteInfo = demoappTodoList;
		};
		2BD540AA202EF63300584FB4 /* PBXContainerItemProxy */ = {
			isa = PBXContainerItemProxy;
			containerPortal = 2BD54082202EF63200584FB4 /* Project object */;
			proxyType = 1;
			remoteGlobalIDString = 2BD54089202EF63200584FB4;
			remoteInfo = demoappTodoList;
		};
/* End PBXContainerItemProxy section */

/* Begin PBXFileReference section */
		2BD5408A202EF63200584FB4 /* demoappTodoList.app */ = {isa = PBXFileReference; explicitFileType = wrapper.application; includeInIndex = 0; path = demoappTodoList.app; sourceTree = BUILT_PRODUCTS_DIR; };
		2BD5408D202EF63200584FB4 /* AppDelegate.swift */ = {isa = PBXFileReference; lastKnownFileType = sourcecode.swift; path = AppDelegate.swift; sourceTree = "<group>"; };
		2BD5408F202EF63200584FB4 /* TodoListViewController.swift */ = {isa = PBXFileReference; lastKnownFileType = sourcecode.swift; path = TodoListViewController.swift; sourceTree = "<group>"; };
		2BD54092202EF63200584FB4 /* Base */ = {isa = PBXFileReference; lastKnownFileType = file.storyboard; name = Base; path = Base.lproj/Main.storyboard; sourceTree = "<group>"; };
		2BD54094202EF63200584FB4 /* Assets.xcassets */ = {isa = PBXFileReference; lastKnownFileType = folder.assetcatalog; path = Assets.xcassets; sourceTree = "<group>"; };
		2BD54097202EF63200584FB4 /* Base */ = {isa = PBXFileReference; lastKnownFileType = file.storyboard; name = Base; path = Base.lproj/LaunchScreen.storyboard; sourceTree = "<group>"; };
		2BD54099202EF63200584FB4 /* Info.plist */ = {isa = PBXFileReference; lastKnownFileType = text.plist.xml; path = Info.plist; sourceTree = "<group>"; };
		2BD5409E202EF63300584FB4 /* demoappTodoListTests.xctest */ = {isa = PBXFileReference; explicitFileType = wrapper.cfbundle; includeInIndex = 0; path = demoappTodoListTests.xctest; sourceTree = BUILT_PRODUCTS_DIR; };
		2BD540A2202EF63300584FB4 /* demoappTodoListTests.swift */ = {isa = PBXFileReference; lastKnownFileType = sourcecode.swift; path = demoappTodoListTests.swift; sourceTree = "<group>"; };
		2BD540A4202EF63300584FB4 /* Info.plist */ = {isa = PBXFileReference; lastKnownFileType = text.plist.xml; path = Info.plist; sourceTree = "<group>"; };
		2BD540A9202EF63300584FB4 /* demoappTodoListUITests.xctest */ = {isa = PBXFileReference; explicitFileType = wrapper.cfbundle; includeInIndex = 0; path = demoappTodoListUITests.xctest; sourceTree = BUILT_PRODUCTS_DIR; };
		2BD540AD202EF63300584FB4 /* demoappTodoListUITests.swift */ = {isa = PBXFileReference; lastKnownFileType = sourcecode.swift; path = demoappTodoListUITests.swift; sourceTree = "<group>"; };
		2BD540AF202EF63300584FB4 /* Info.plist */ = {isa = PBXFileReference; lastKnownFileType = text.plist.xml; path = Info.plist; sourceTree = "<group>"; };
/* End PBXFileReference section */

/* Begin PBXFrameworksBuildPhase section */
		2BD54087202EF63200584FB4 /* Frameworks */ = {
			isa = PBXFrameworksBuildPhase;
			buildActionMask = 2147483647;
			files = (
			);
			runOnlyForDeploymentPostprocessing = 0;
		};
		2BD5409B202EF63300584FB4 /* Frameworks */ = {
			isa = PBXFrameworksBuildPhase;
			buildActionMask = 2147483647;
			files = (
			);
			runOnlyForDeploymentPostprocessing = 0;
		};
		2BD540A6202EF63300584FB4 /* Frameworks */ = {
			isa = PBXFrameworksBuildPhase;
			buildActionMask = 2147483647;
			files = (
			);
			runOnlyForDeploymentPostprocessing = 0;
		};
/* End PBXFrameworksBuildPhase section */

/* Begin PBXGroup section */
		2BD54081202EF63200584FB4 = {
			isa = PBXGroup;
			children = (
				2BD5408C202EF63200584FB4 /* demoappTodoList */,
				2BD540A1202EF63300584FB4 /* demoappTodoListTests */,
				2BD540AC202EF63300584FB4 /* demoappTodoListUITests */,
				2BD5408B202EF63200584FB4 /* Products */,
			);
			sourceTree = "<group>";
		};
		2BD5408B202EF63200584FB4 /* Products */ = {
			isa = PBXGroup;
			children = (
				2BD5408A202EF63200584FB4 /* demoappTodoList.app */,
				2BD5409E202EF63300584FB4 /* demoappTodoListTests.xctest */,
				2BD540A9202EF63300584FB4 /* demoappTodoListUITests.xctest */,
			);
			name = Products;
			sourceTree = "<group>";
		};
		2BD5408C202EF63200584FB4 /* demoappTodoList */ = {
			isa = PBXGroup;
			children = (
				2BD540BD202F123300584FB4 /* model */,
				2BD540BC202F121900584FB4 /* controler */,
				2BD540BB202F120300584FB4 /* view */,
				2BD5408D202EF63200584FB4 /* AppDelegate.swift */,
				2BD54094202EF63200584FB4 /* Assets.xcassets */,
				2BD54099202EF63200584FB4 /* Info.plist */,
			);
			path = demoappTodoList;
			sourceTree = "<group>";
		};
		2BD540A1202EF63300584FB4 /* demoappTodoListTests */ = {
			isa = PBXGroup;
			children = (
				2BD540A2202EF63300584FB4 /* demoappTodoListTests.swift */,
				2BD540A4202EF63300584FB4 /* Info.plist */,
			);
			path = demoappTodoListTests;
			sourceTree = "<group>";
		};
		2BD540AC202EF63300584FB4 /* demoappTodoListUITests */ = {
			isa = PBXGroup;
			children = (
				2BD540AD202EF63300584FB4 /* demoappTodoListUITests.swift */,
				2BD540AF202EF63300584FB4 /* Info.plist */,
			);
			path = demoappTodoListUITests;
			sourceTree = "<group>";
		};
		2BD540BB202F120300584FB4 /* view */ = {
			isa = PBXGroup;
			children = (
				2BD54091202EF63200584FB4 /* Main.storyboard */,
				2BD54096202EF63200584FB4 /* LaunchScreen.storyboard */,
			);
			path = view;
			sourceTree = "<group>";
		};
		2BD540BC202F121900584FB4 /* controler */ = {
			isa = PBXGroup;
			children = (
				2BD5408F202EF63200584FB4 /* TodoListViewController.swift */,
			);
			path = controler;
			sourceTree = "<group>";
		};
		2BD540BD202F123300584FB4 /* model */ = {
			isa = PBXGroup;
			children = (
			);
			path = model;
			sourceTree = "<group>";
		};
/* End PBXGroup section */

/* Begin PBXNativeTarget section */
		2BD54089202EF63200584FB4 /* demoappTodoList */ = {
			isa = PBXNativeTarget;
			buildConfigurationList = 2BD540B2202EF63300584FB4 /* Build configuration list for PBXNativeTarget "demoappTodoList" */;
			buildPhases = (
				2BD54086202EF63200584FB4 /* Sources */,
				2BD54087202EF63200584FB4 /* Frameworks */,
				2BD54088202EF63200584FB4 /* Resources */,
			);
			buildRules = (
			);
			dependencies = (
			);
			name = demoappTodoList;
			productName = demoappTodoList;
			productReference = 2BD5408A202EF63200584FB4 /* demoappTodoList.app */;
			productType = "com.apple.product-type.application";
		};
		2BD5409D202EF63300584FB4 /* demoappTodoListTests */ = {
			isa = PBXNativeTarget;
			buildConfigurationList = 2BD540B5202EF63300584FB4 /* Build configuration list for PBXNativeTarget "demoappTodoListTests" */;
			buildPhases = (
				2BD5409A202EF63300584FB4 /* Sources */,
				2BD5409B202EF63300584FB4 /* Frameworks */,
				2BD5409C202EF63300584FB4 /* Resources */,
			);
			buildRules = (
			);
			dependencies = (
				2BD540A0202EF63300584FB4 /* PBXTargetDependency */,
			);
			name = demoappTodoListTests;
			productName = demoappTodoListTests;
			productReference = 2BD5409E202EF63300584FB4 /* demoappTodoListTests.xctest */;
			productType = "com.apple.product-type.bundle.unit-test";
		};
		2BD540A8202EF63300584FB4 /* demoappTodoListUITests */ = {
			isa = PBXNativeTarget;
			buildConfigurationList = 2BD540B8202EF63300584FB4 /* Build configuration list for PBXNativeTarget "demoappTodoListUITests" */;
			buildPhases = (
				2BD540A5202EF63300584FB4 /* Sources */,
				2BD540A6202EF63300584FB4 /* Frameworks */,
				2BD540A7202EF63300584FB4 /* Resources */,
			);
			buildRules = (
			);
			dependencies = (
				2BD540AB202EF63300584FB4 /* PBXTargetDependency */,
			);
			name = demoappTodoListUITests;
			productName = demoappTodoListUITests;
			productReference = 2BD540A9202EF63300584FB4 /* demoappTodoListUITests.xctest */;
			productType = "com.apple.product-type.bundle.ui-testing";
		};
/* End PBXNativeTarget section */

/* Begin PBXProject section */
		2BD54082202EF63200584FB4 /* Project object */ = {
			isa = PBXProject;
			attributes = {
				LastSwiftUpdateCheck = 0920;
				LastUpgradeCheck = 0920;
				ORGANIZATIONNAME = lai;
				TargetAttributes = {
					2BD54089202EF63200584FB4 = {
						CreatedOnToolsVersion = 9.2;
						ProvisioningStyle = Automatic;
					};
					2BD5409D202EF63300584FB4 = {
						CreatedOnToolsVersion = 9.2;
						ProvisioningStyle = Automatic;
						TestTargetID = 2BD54089202EF63200584FB4;
					};
					2BD540A8202EF63300584FB4 = {
						CreatedOnToolsVersion = 9.2;
						ProvisioningStyle = Automatic;
						TestTargetID = 2BD54089202EF63200584FB4;
					};
				};
			};
			buildConfigurationList = 2BD54085202EF63200584FB4 /* Build configuration list for PBXProject "demoappTodoList" */;
			compatibilityVersion = "Xcode 8.0";
			developmentRegion = en;
			hasScannedForEncodings = 0;
			knownRegions = (
				en,
				Base,
			);
			mainGroup = 2BD54081202EF63200584FB4;
			productRefGroup = 2BD5408B202EF63200584FB4 /* Products */;
			projectDirPath = "";
			projectRoot = "";
			targets = (
				2BD54089202EF63200584FB4 /* demoappTodoList */,
				2BD5409D202EF63300584FB4 /* demoappTodoListTests */,
				2BD540A8202EF63300584FB4 /* demoappTodoListUITests */,
			);
		};
/* End PBXProject section */

/* Begin PBXResourcesBuildPhase section */
		2BD54088202EF63200584FB4 /* Resources */ = {
			isa = PBXResourcesBuildPhase;
			buildActionMask = 2147483647;
			files = (
				2BD54098202EF63200584FB4 /* LaunchScreen.storyboard in Resources */,
				2BD54095202EF63200584FB4 /* Assets.xcassets in Resources */,
				2BD54093202EF63200584FB4 /* Main.storyboard in Resources */,
			);
			runOnlyForDeploymentPostprocessing = 0;
		};
		2BD5409C202EF63300584FB4 /* Resources */ = {
			isa = PBXResourcesBuildPhase;
			buildActionMask = 2147483647;
			files = (
			);
			runOnlyForDeploymentPostprocessing = 0;
		};
		2BD540A7202EF63300584FB4 /* Resources */ = {
			isa = PBXResourcesBuildPhase;
			buildActionMask = 2147483647;
			files = (
			);
			runOnlyForDeploymentPostprocessing = 0;
		};
/* End PBXResourcesBuildPhase section */

/* Begin PBXSourcesBuildPhase section */
		2BD54086202EF63200584FB4 /* Sources */ = {
			isa = PBXSourcesBuildPhase;
			buildActionMask = 2147483647;
			files = (
				2BD54090202EF63200584FB4 /* TodoListViewController.swift in Sources */,
				2BD5408E202EF63200584FB4 /* AppDelegate.swift in Sources */,
			);
			runOnlyForDeploymentPostprocessing = 0;
		};
		2BD5409A202EF63300584FB4 /* Sources */ = {
			isa = PBXSourcesBuildPhase;
			buildActionMask = 2147483647;
			files = (
				2BD540A3202EF63300584FB4 /* demoappTodoListTests.swift in Sources */,
			);
			runOnlyForDeploymentPostprocessing = 0;
		};
		2BD540A5202EF63300584FB4 /* Sources */ = {
			isa = PBXSourcesBuildPhase;
			buildActionMask = 2147483647;
			files = (
				2BD540AE202EF63300584FB4 /* demoappTodoListUITests.swift in Sources */,
			);
			runOnlyForDeploymentPostprocessing = 0;
		};
/* End PBXSourcesBuildPhase section */

/* Begin PBXTargetDependency section */
		2BD540A0202EF63300584FB4 /* PBXTargetDependency */ = {
			isa = PBXTargetDependency;
			target = 2BD54089202EF63200584FB4 /* demoappTodoList */;
			targetProxy = 2BD5409F202EF63300584FB4 /* PBXContainerItemProxy */;
		};
		2BD540AB202EF63300584FB4 /* PBXTargetDependency */ = {
			isa = PBXTargetDependency;
			target = 2BD54089202EF63200584FB4 /* demoappTodoList */;
			targetProxy = 2BD540AA202EF63300584FB4 /* PBXContainerItemProxy */;
		};
/* End PBXTargetDependency section */

/* Begin PBXVariantGroup section */
		2BD54091202EF63200584FB4 /* Main.storyboard */ = {
			isa = PBXVariantGroup;
			children = (
				2BD54092202EF63200584FB4 /* Base */,
			);
			name = Main.storyboard;
			sourceTree = "<group>";
		};
		2BD54096202EF63200584FB4 /* LaunchScreen.storyboard */ = {
			isa = PBXVariantGroup;
			children = (
				2BD54097202EF63200584FB4 /* Base */,
			);
			name = LaunchScreen.storyboard;
			sourceTree = "<group>";
		};
/* End PBXVariantGroup section */

/* Begin XCBuildConfiguration section */
		2BD540B0202EF63300584FB4 /* Debug */ = {
			isa = XCBuildConfiguration;
			buildSettings = {
				ALWAYS_SEARCH_USER_PATHS = NO;
				CLANG_ANALYZER_NONNULL = YES;
				CLANG_ANALYZER_NUMBER_OBJECT_CONVERSION = YES_AGGRESSIVE;
				CLANG_CXX_LANGUAGE_STANDARD = "gnu++14";
				CLANG_CXX_LIBRARY = "libc++";
				CLANG_ENABLE_MODULES = YES;
				CLANG_ENABLE_OBJC_ARC = YES;
				CLANG_WARN_BLOCK_CAPTURE_AUTORELEASING = YES;
				CLANG_WARN_BOOL_CONVERSION = YES;
				CLANG_WARN_COMMA = YES;
				CLANG_WARN_CONSTANT_CONVERSION = YES;
				CLANG_WARN_DIRECT_OBJC_ISA_USAGE = YES_ERROR;
				CLANG_WARN_DOCUMENTATION_COMMENTS = YES;
				CLANG_WARN_EMPTY_BODY = YES;
				CLANG_WARN_ENUM_CONVERSION = YES;
				CLANG_WARN_INFINITE_RECURSION = YES;
				CLANG_WARN_INT_CONVERSION = YES;
				CLANG_WARN_NON_LITERAL_NULL_CONVERSION = YES;
				CLANG_WARN_OBJC_LITERAL_CONVERSION = YES;
				CLANG_WARN_OBJC_ROOT_CLASS = YES_ERROR;
				CLANG_WARN_RANGE_LOOP_ANALYSIS = YES;
				CLANG_WARN_STRICT_PROTOTYPES = YES;
				CLANG_WARN_SUSPICIOUS_MOVE = YES;
				CLANG_WARN_UNGUARDED_AVAILABILITY = YES_AGGRESSIVE;
				CLANG_WARN_UNREACHABLE_CODE = YES;
				CLANG_WARN__DUPLICATE_METHOD_MATCH = YES;
				CODE_SIGN_IDENTITY = "iPhone Developer";
				COPY_PHASE_STRIP = NO;
				DEBUG_INFORMATION_FORMAT = dwarf;
				ENABLE_STRICT_OBJC_MSGSEND = YES;
				ENABLE_TESTABILITY = YES;
				GCC_C_LANGUAGE_STANDARD = gnu11;
				GCC_DYNAMIC_NO_PIC = NO;
				GCC_NO_COMMON_BLOCKS = YES;
				GCC_OPTIMIZATION_LEVEL = 0;
				GCC_PREPROCESSOR_DEFINITIONS = (
					"DEBUG=1",
					"$(inherited)",
				);
				GCC_WARN_64_TO_32_BIT_CONVERSION = YES;
				GCC_WARN_ABOUT_RETURN_TYPE = YES_ERROR;
				GCC_WARN_UNDECLARED_SELECTOR = YES;
				GCC_WARN_UNINITIALIZED_AUTOS = YES_AGGRESSIVE;
				GCC_WARN_UNUSED_FUNCTION = YES;
				GCC_WARN_UNUSED_VARIABLE = YES;
				IPHONEOS_DEPLOYMENT_TARGET = 11.2;
				MTL_ENABLE_DEBUG_INFO = YES;
				ONLY_ACTIVE_ARCH = YES;
				SDKROOT = iphoneos;
				SWIFT_ACTIVE_COMPILATION_CONDITIONS = DEBUG;
				SWIFT_OPTIMIZATION_LEVEL = "-Onone";
			};
			name = Debug;
		};
		2BD540B1202EF63300584FB4 /* Release */ = {
			isa = XCBuildConfiguration;
			buildSettings = {
				ALWAYS_SEARCH_USER_PATHS = NO;
				CLANG_ANALYZER_NONNULL = YES;
				CLANG_ANALYZER_NUMBER_OBJECT_CONVERSION = YES_AGGRESSIVE;
				CLANG_CXX_LANGUAGE_STANDARD = "gnu++14";
				CLANG_CXX_LIBRARY = "libc++";
				CLANG_ENABLE_MODULES = YES;
				CLANG_ENABLE_OBJC_ARC = YES;
				CLANG_WARN_BLOCK_CAPTURE_AUTORELEASING = YES;
				CLANG_WARN_BOOL_CONVERSION = YES;
				CLANG_WARN_COMMA = YES;
				CLANG_WARN_CONSTANT_CONVERSION = YES;
				CLANG_WARN_DIRECT_OBJC_ISA_USAGE = YES_ERROR;
				CLANG_WARN_DOCUMENTATION_COMMENTS = YES;
				CLANG_WARN_EMPTY_BODY = YES;
				CLANG_WARN_ENUM_CONVERSION = YES;
				CLANG_WARN_INFINITE_RECURSION = YES;
				CLANG_WARN_INT_CONVERSION = YES;
				CLANG_WARN_NON_LITERAL_NULL_CONVERSION = YES;
				CLANG_WARN_OBJC_LITERAL_CONVERSION = YES;
				CLANG_WARN_OBJC_ROOT_CLASS = YES_ERROR;
				CLANG_WARN_RANGE_LOOP_ANALYSIS = YES;
				CLANG_WARN_STRICT_PROTOTYPES = YES;
				CLANG_WARN_SUSPICIOUS_MOVE = YES;
				CLANG_WARN_UNGUARDED_AVAILABILITY = YES_AGGRESSIVE;
				CLANG_WARN_UNREACHABLE_CODE = YES;
				CLANG_WARN__DUPLICATE_METHOD_MATCH = YES;
				CODE_SIGN_IDENTITY = "iPhone Developer";
				COPY_PHASE_STRIP = NO;
				DEBUG_INFORMATION_FORMAT = "dwarf-with-dsym";
				ENABLE_NS_ASSERTIONS = NO;
				ENABLE_STRICT_OBJC_MSGSEND = YES;
				GCC_C_LANGUAGE_STANDARD = gnu11;
				GCC_NO_COMMON_BLOCKS = YES;
				GCC_WARN_64_TO_32_BIT_CONVERSION = YES;
				GCC_WARN_ABOUT_RETURN_TYPE = YES_ERROR;
				GCC_WARN_UNDECLARED_SELECTOR = YES;
				GCC_WARN_UNINITIALIZED_AUTOS = YES_AGGRESSIVE;
				GCC_WARN_UNUSED_FUNCTION = YES;
				GCC_WARN_UNUSED_VARIABLE = YES;
				IPHONEOS_DEPLOYMENT_TARGET = 11.2;
				MTL_ENABLE_DEBUG_INFO = NO;
				SDKROOT = iphoneos;
				SWIFT_OPTIMIZATION_LEVEL = "-Owholemodule";
				VALIDATE_PRODUCT = YES;
			};
			name = Release;
		};
		2BD540B3202EF63300584FB4 /* Debug */ = {
			isa = XCBuildConfiguration;
			buildSettings = {
				ASSETCATALOG_COMPILER_APPICON_NAME = AppIcon;
				CODE_SIGN_STYLE = Automatic;
				INFOPLIST_FILE = demoappTodoList/Info.plist;
				LD_RUNPATH_SEARCH_PATHS = "$(inherited) @executable_path/Frameworks";
				PRODUCT_BUNDLE_IDENTIFIER = lai.demoappTodoList;
				PRODUCT_NAME = "$(TARGET_NAME)";
				SWIFT_VERSION = 4.0;
				TARGETED_DEVICE_FAMILY = "1,2";
			};
			name = Debug;
		};
		2BD540B4202EF63300584FB4 /* Release */ = {
			isa = XCBuildConfiguration;
			buildSettings = {
				ASSETCATALOG_COMPILER_APPICON_NAME = AppIcon;
				CODE_SIGN_STYLE = Automatic;
				INFOPLIST_FILE = demoappTodoList/Info.plist;
				LD_RUNPATH_SEARCH_PATHS = "$(inherited) @executable_path/Frameworks";
				PRODUCT_BUNDLE_IDENTIFIER = lai.demoappTodoList;
				PRODUCT_NAME = "$(TARGET_NAME)";
				SWIFT_VERSION = 4.0;
				TARGETED_DEVICE_FAMILY = "1,2";
			};
			name = Release;
		};
		2BD540B6202EF63300584FB4 /* Debug */ = {
			isa = XCBuildConfiguration;
			buildSettings = {
				ALWAYS_EMBED_SWIFT_STANDARD_LIBRARIES = YES;
				BUNDLE_LOADER = "$(TEST_HOST)";
				CODE_SIGN_STYLE = Automatic;
				INFOPLIST_FILE = demoappTodoListTests/Info.plist;
				LD_RUNPATH_SEARCH_PATHS = "$(inherited) @executable_path/Frameworks @loader_path/Frameworks";
				PRODUCT_BUNDLE_IDENTIFIER = lai.demoappTodoListTests;
				PRODUCT_NAME = "$(TARGET_NAME)";
				SWIFT_VERSION = 4.0;
				TARGETED_DEVICE_FAMILY = "1,2";
				TEST_HOST = "$(BUILT_PRODUCTS_DIR)/demoappTodoList.app/demoappTodoList";
			};
			name = Debug;
		};
		2BD540B7202EF63300584FB4 /* Release */ = {
			isa = XCBuildConfiguration;
			buildSettings = {
				ALWAYS_EMBED_SWIFT_STANDARD_LIBRARIES = YES;
				BUNDLE_LOADER = "$(TEST_HOST)";
				CODE_SIGN_STYLE = Automatic;
				INFOPLIST_FILE = demoappTodoListTests/Info.plist;
				LD_RUNPATH_SEARCH_PATHS = "$(inherited) @executable_path/Frameworks @loader_path/Frameworks";
				PRODUCT_BUNDLE_IDENTIFIER = lai.demoappTodoListTests;
				PRODUCT_NAME = "$(TARGET_NAME)";
				SWIFT_VERSION = 4.0;
				TARGETED_DEVICE_FAMILY = "1,2";
				TEST_HOST = "$(BUILT_PRODUCTS_DIR)/demoappTodoList.app/demoappTodoList";
			};
			name = Release;
		};
		2BD540B9202EF63300584FB4 /* Debug */ = {
			isa = XCBuildConfiguration;
			buildSettings = {
				ALWAYS_EMBED_SWIFT_STANDARD_LIBRARIES = YES;
				CODE_SIGN_STYLE = Automatic;
				INFOPLIST_FILE = demoappTodoListUITests/Info.plist;
				LD_RUNPATH_SEARCH_PATHS = "$(inherited) @executable_path/Frameworks @loader_path/Frameworks";
				PRODUCT_BUNDLE_IDENTIFIER = lai.demoappTodoListUITests;
				PRODUCT_NAME = "$(TARGET_NAME)";
				SWIFT_VERSION = 4.0;
				TARGETED_DEVICE_FAMILY = "1,2";
				TEST_TARGET_NAME = demoappTodoList;
			};
			name = Debug;
		};
		2BD540BA202EF63300584FB4 /* Release */ = {
			isa = XCBuildConfiguration;
			buildSettings = {
				ALWAYS_EMBED_SWIFT_STANDARD_LIBRARIES = YES;
				CODE_SIGN_STYLE = Automatic;
				INFOPLIST_FILE = demoappTodoListUITests/Info.plist;
				LD_RUNPATH_SEARCH_PATHS = "$(inherited) @executable_path/Frameworks @loader_path/Frameworks";
				PRODUCT_BUNDLE_IDENTIFIER = lai.demoappTodoListUITests;
				PRODUCT_NAME = "$(TARGET_NAME)";
				SWIFT_VERSION = 4.0;
				TARGETED_DEVICE_FAMILY = "1,2";
				TEST_TARGET_NAME = demoappTodoList;
			};
			name = Release;
		};
/* End XCBuildConfiguration section */

/* Begin XCConfigurationList section */
		2BD54085202EF63200584FB4 /* Build configuration list for PBXProject "demoappTodoList" */ = {
			isa = XCConfigurationList;
			buildConfigurations = (
				2BD540B0202EF63300584FB4 /* Debug */,
				2BD540B1202EF63300584FB4 /* Release */,
			);
			defaultConfigurationIsVisible = 0;
			defaultConfigurationName = Release;
		};
		2BD540B2202EF63300584FB4 /* Build configuration list for PBXNativeTarget "demoappTodoList" */ = {
			isa = XCConfigurationList;
			buildConfigurations = (
				2BD540B3202EF63300584FB4 /* Debug */,
				2BD540B4202EF63300584FB4 /* Release */,
			);
			defaultConfigurationIsVisible = 0;
			defaultConfigurationName = Release;
		};
		2BD540B5202EF63300584FB4 /* Build configuration list for PBXNativeTarget "demoappTodoListTests" */ = {
			isa = XCConfigurationList;
			buildConfigurations = (
				2BD540B6202EF63300584FB4 /* Debug */,
				2BD540B7202EF63300584FB4 /* Release */,
			);
			defaultConfigurationIsVisible = 0;
			defaultConfigurationName = Release;
		};
		2BD540B8202EF63300584FB4 /* Build configuration list for PBXNativeTarget "demoappTodoListUITests" */ = {
			isa = XCConfigurationList;
			buildConfigurations = (
				2BD540B9202EF63300584FB4 /* Debug */,
				2BD540BA202EF63300584FB4 /* Release */,
			);
			defaultConfigurationIsVisible = 0;
			defaultConfigurationName = Release;
		};
/* End XCConfigurationList section */
	};
	rootObject = 2BD54082202EF63200584FB4 /* Project object */;
}
